
Microsoft Visual Studio Solution File, Format Version 12.00
# Visual Studio Version 16
VisualStudioVersion = 16.0.34114.132
MinimumVisualStudioVersion = 10.0.40219.1
Project("{FAE04EC0-301F-11D3-BF4B-00C04F79EFBC}") = "DownloadFile", "DownloadFile\DownloadFile.csproj", "{8E363D0E-030B-4391-BA4A-E938FB6A20AF}"
EndProject
Global
	GlobalSection(SolutionConfigurationPlatforms) = preSolution
		Debug|Any CPU = Debug|Any CPU
		Release|Any CPU = Release|Any CPU
	EndGlobalSection
	GlobalSection(ProjectConfigurationPlatforms) = postSolution
		{8E363D0E-030B-4391-BA4A-E938FB6A20AF}.Debug|Any CPU.ActiveCfg = Debug|Any CPU
		{8E363D0E-030B-4391-BA4A-E938FB6A20AF}.Debug|Any CPU.Build.0 = Debug|Any CPU
		{8E363D0E-030B-4391-BA4A-E938FB6A20AF}.Release|Any CPU.ActiveCfg = Release|Any CPU
		{8E363D0E-030B-4391-BA4A-E938FB6A20AF}.Release|Any CPU.Build.0 = Release|Any CPU
	EndGlobalSection
	GlobalSection(SolutionProperties) = preSolution
		HideSolutionNode = FALSE
	EndGlobalSection
	GlobalSection(ExtensibilityGlobals) = postSolution
		SolutionGuid = {E5524FD8-E662-4DBA-8BB9-794E99FD8AAD}
	EndGlobalSection
EndGlobal
